<?xml version="1.0" encoding="utf-8"?>
<Project ToolsVersion="4.0" xmlns="http://schemas.microsoft.com/developer/msbuild/2003">
  <ItemGroup>
    <ClCompile Include="Game.cpp">
      <Filter>Base\Source</Filter>
    </ClCompile>
    <ClCompile Include="AnimatedSprite.cpp">
      <Filter>Objects\2D\Source</Filter>
    </ClCompile>
    <ClCompile Include="Collectable.cpp">
      <Filter>Objects\2D\Source</Filter>
    </ClCompile>
    <ClCompile Include="Enemy.cpp">
      <Filter>Objects\2D\Source</Filter>
    </ClCompile>
    <ClCompile Include="GameObject2D.cpp">
      <Filter>Objects\2D\Source</Filter>
    </ClCompile>
    <ClCompile Include="ImageGO2D.cpp">
      <Filter>Objects\2D\Source</Filter>
    </ClCompile>
    <ClCompile Include="Ladder.cpp">
      <Filter>Objects\2D\Source</Filter>
    </ClCompile>
    <ClCompile Include="LadderTile.cpp">
      <Filter>Objects\2D\Source</Filter>
    </ClCompile>
    <ClCompile Include="Player2D.cpp">
      <Filter>Objects\2D\Source</Filter>
    </ClCompile>
    <ClCompile Include="TextGO2D.cpp">
      <Filter>Objects\2D\Source</Filter>
    </ClCompile>
    <ClCompile Include="camera.cpp">
      <Filter>Objects\Source</Filter>
    </ClCompile>
    <ClCompile Include="CMOGO.cpp">
      <Filter>Objects\Source</Filter>
    </ClCompile>
    <ClCompile Include="gameobject.cpp">
      <Filter>Objects\Source</Filter>
    </ClCompile>
    <ClCompile Include="light.cpp">
      <Filter>Objects\Source</Filter>
    </ClCompile>
    <ClCompile Include="Platfroms.cpp">
      <Filter>Objects\2D\Source</Filter>
    </ClCompile>
    <ClCompile Include="Player.cpp">
      <Filter>Objects\Source</Filter>
    </ClCompile>
    <ClCompile Include="Terrain.cpp">
      <Filter>Objects\Source</Filter>
    </ClCompile>
    <ClCompile Include="TPSCamera.cpp">
      <Filter>Objects\Source</Filter>
    </ClCompile>
    <ClCompile Include="Tree.cpp">
      <Filter>Objects\Source</Filter>
    </ClCompile>
    <ClCompile Include="treebit.cpp">
      <Filter>Objects\Source</Filter>
    </ClCompile>
    <ClCompile Include="VBGO.cpp">
      <Filter>Objects\Source</Filter>
    </ClCompile>
    <ClCompile Include="fileVBGO.cpp">
      <Filter>Objects\Example VBGOs\Source</Filter>
    </ClCompile>
    <ClCompile Include="MarchCubes.cpp">
      <Filter>Objects\Example VBGOs\Source</Filter>
    </ClCompile>
    <ClCompile Include="VBCube.cpp">
      <Filter>Objects\Example VBGOs\Source</Filter>
    </ClCompile>
    <ClCompile Include="VBSnail.cpp">
      <Filter>Objects\Example VBGOs\Source</Filter>
    </ClCompile>
    <ClCompile Include="PlatfromTile.cpp">
      <Filter>Objects\2D\Source</Filter>
    </ClCompile>
  </ItemGroup>
  <ItemGroup>
    <ClInclude Include="ObjectList.h">
      <Filter>Objects</Filter>
    </ClInclude>
    <ClInclude Include="ConstantBuffer.h">
      <Filter>Base\Header</Filter>
    </ClInclude>
    <ClInclude Include="DrawData.h">
      <Filter>Base\Header</Filter>
    </ClInclude>
    <ClInclude Include="DrawData2D.h">
      <Filter>Base\Header</Filter>
    </ClInclude>
    <ClInclude Include="Game.h">
      <Filter>Base\Header</Filter>
    </ClInclude>
    <ClInclude Include="GameState.h">
      <Filter>Base\Header</Filter>
    </ClInclude>
    <ClInclude Include="AnimatedSprite.h">
      <Filter>Objects\2D\Headers</Filter>
    </ClInclude>
    <ClInclude Include="Collectables.h">
      <Filter>Objects\2D\Headers</Filter>
    </ClInclude>
    <ClInclude Include="Enemy.h">
      <Filter>Objects\2D\Headers</Filter>
    </ClInclude>
    <ClInclude Include="GameObject2D.h">
      <Filter>Objects\2D\Headers</Filter>
    </ClInclude>
    <ClInclude Include="ImageGO2D.h">
      <Filter>Objects\2D\Headers</Filter>
    </ClInclude>
    <ClInclude Include="Ladder.h">
      <Filter>Objects\2D\Headers</Filter>
    </ClInclude>
    <ClInclude Include="LadderTile.h">
      <Filter>Objects\2D\Headers</Filter>
    </ClInclude>
    <ClInclude Include="Player2D.h">
      <Filter>Objects\2D\Headers</Filter>
    </ClInclude>
    <ClInclude Include="TextGO2D.h">
      <Filter>Objects\2D\Headers</Filter>
    </ClInclude>
    <ClInclude Include="camera.h">
      <Filter>Objects\Headers</Filter>
    </ClInclude>
    <ClInclude Include="CMOGO.h">
      <Filter>Objects\Headers</Filter>
    </ClInclude>
    <ClInclude Include="GameData.h">
      <Filter>Base\Header</Filter>
    </ClInclude>
    <ClInclude Include="gameobject.h">
      <Filter>Objects\Headers</Filter>
    </ClInclude>
    <ClInclude Include="Helper.h">
      <Filter>Base\Header</Filter>
    </ClInclude>
    <ClInclude Include="Light.h">
      <Filter>Objects\Headers</Filter>
    </ClInclude>
    <ClInclude Include="Platfroms.h">
      <Filter>Objects\2D\Headers</Filter>
    </ClInclude>
    <ClInclude Include="Player.h">
      <Filter>Objects\Headers</Filter>
    </ClInclude>
    <ClInclude Include="Terrain.h">
      <Filter>Objects\Headers</Filter>
    </ClInclude>
    <ClInclude Include="TPSCamera.h">
      <Filter>Objects\Headers</Filter>
    </ClInclude>
    <ClInclude Include="Tree.h">
      <Filter>Objects\Headers</Filter>
    </ClInclude>
    <ClInclude Include="TreeBit.h">
      <Filter>Objects\Headers</Filter>
    </ClInclude>
    <ClInclude Include="VBGO.h">
      <Filter>Objects\Headers</Filter>
    </ClInclude>
    <ClInclude Include="vertex.h">
      <Filter>Base\Header</Filter>
    </ClInclude>
    <ClInclude Include="ObjectType.h">
      <Filter>Base\Header</Filter>
    </ClInclude>
    <ClInclude Include="fileVBGO.h">
      <Filter>Objects\Example VBGOs\Headers</Filter>
    </ClInclude>
    <ClInclude Include="MarchCubes.h">
      <Filter>Objects\Example VBGOs\Headers</Filter>
    </ClInclude>
    <ClInclude Include="VBCube.h">
      <Filter>Objects\Example VBGOs\Headers</Filter>
    </ClInclude>
    <ClInclude Include="VBPillow.h">
      <Filter>Objects\Example VBGOs\Headers</Filter>
    </ClInclude>
    <ClInclude Include="VBSnail.h">
      <Filter>Objects\Example VBGOs\Headers</Filter>
    </ClInclude>
    <ClInclude Include="VBSpiked.h">
      <Filter>Objects\Example VBGOs\Headers</Filter>
    </ClInclude>
    <ClInclude Include="VBspiral.h">
      <Filter>Objects\Example VBGOs\Headers</Filter>
    </ClInclude>
    <ClInclude Include="PlatfromTile.h">
      <Filter>Objects\2D\Headers</Filter>
    </ClInclude>
  </ItemGroup>
  <ItemGroup>
    <Filter Include="Base">
      <UniqueIdentifier>{2be5c615-11e5-4fee-8a4c-9676f5bce933}</UniqueIdentifier>
    </Filter>
    <Filter Include="Objects">
      <UniqueIdentifier>{685c4af1-9394-4c4a-a182-d29bd0a7b12d}</UniqueIdentifier>
    </Filter>
    <Filter Include="Base\Header">
      <UniqueIdentifier>{9be5e890-c4e4-4a97-9c94-9841acd8b6e1}</UniqueIdentifier>
    </Filter>
    <Filter Include="Base\Source">
      <UniqueIdentifier>{c0225613-de28-44f8-b8a3-02f58d3e44dc}</UniqueIdentifier>
    </Filter>
    <Filter Include="Objects\2D">
      <UniqueIdentifier>{500381e1-7d5a-4bb0-9d34-edcb3e1fdd12}</UniqueIdentifier>
    </Filter>
    <Filter Include="Objects\Example VBGOs">
      <UniqueIdentifier>{7f926b73-a12f-4617-9170-ea2f749a4c6e}</UniqueIdentifier>
    </Filter>
    <Filter Include="Objects\Headers">
      <UniqueIdentifier>{cbc00798-8a2a-454e-b2c9-e3be93b6582f}</UniqueIdentifier>
    </Filter>
    <Filter Include="Objects\Source">
      <UniqueIdentifier>{16431145-3ac5-4ed7-9b32-237b483ec492}</UniqueIdentifier>
    </Filter>
    <Filter Include="Objects\2D\Headers">
      <UniqueIdentifier>{fc18e1e0-83b5-451e-8649-7aba08fda1fc}</UniqueIdentifier>
    </Filter>
    <Filter Include="Objects\2D\Source">
      <UniqueIdentifier>{bbee43eb-cb7d-425b-8b5d-c01b7eb66a1e}</UniqueIdentifier>
    </Filter>
    <Filter Include="Objects\Example VBGOs\Headers">
      <UniqueIdentifier>{809e8367-6b05-41dd-9317-caa9d35b3d3e}</UniqueIdentifier>
    </Filter>
    <Filter Include="Objects\Example VBGOs\Source">
      <UniqueIdentifier>{2b4d0ecb-3e67-4421-9100-ecaa70ab6e53}</UniqueIdentifier>
    </Filter>
  </ItemGroup>
</Project>