<?xml version="1.0" encoding="utf-8"?>
<Project ToolsVersion="4.0" xmlns="http://schemas.microsoft.com/developer/msbuild/2003">
  <ItemGroup>
    <ImageContentTask Include="background.png">
      <Filter>Textures</Filter>
    </ImageContentTask>
    <ImageContentTask Include="BackgroundOther.png">
      <Filter>Textures</Filter>
    </ImageContentTask>
    <ImageContentTask Include="CheckPoint.png">
      <Filter>Textures</Filter>
    </ImageContentTask>
    <ImageContentTask Include="Collectable.png">
      <Filter>Textures</Filter>
    </ImageContentTask>
    <ImageContentTask Include="ConveyerBelt.png">
      <Filter>Textures</Filter>
    </ImageContentTask>
    <ImageContentTask Include="Door.png">
      <Filter>Textures</Filter>
    </ImageContentTask>
    <ImageContentTask Include="Enemy.png">
      <Filter>Textures</Filter>
    </ImageContentTask>
    <ImageContentTask Include="EnemyHor.png">
      <Filter>Textures</Filter>
    </ImageContentTask>
    <ImageContentTask Include="grass.jpg">
      <Filter>Textures</Filter>
    </ImageContentTask>
    <ImageContentTask Include="Ice.png">
      <Filter>Textures</Filter>
    </ImageContentTask>
    <ImageContentTask Include="JetSetEnemy.png">
      <Filter>Textures</Filter>
    </ImageContentTask>
    <ImageContentTask Include="ladder.png">
      <Filter>Textures</Filter>
    </ImageContentTask>
    <ImageContentTask Include="logo_small.png">
      <Filter>Textures</Filter>
    </ImageContentTask>
    <ImageContentTask Include="motherFigure.png">
      <Filter>Textures</Filter>
    </ImageContentTask>
    <ImageContentTask Include="Platform.png">
      <Filter>Textures</Filter>
    </ImageContentTask>
    <ImageContentTask Include="PlayerSpriteSheet.png">
      <Filter>Textures</Filter>
    </ImageContentTask>
    <ImageContentTask Include="respawner.png">
      <Filter>Textures</Filter>
    </ImageContentTask>
    <ImageContentTask Include="Walk.png">
      <Filter>Textures</Filter>
    </ImageContentTask>
    <ImageContentTask Include="white.jpg">
      <Filter>Textures</Filter>
    </ImageContentTask>
    <ImageContentTask Include="ThinPlatform.png">
      <Filter>Textures</Filter>
    </ImageContentTask>
    <ImageContentTask Include="space.png">
      <Filter>Textures</Filter>
    </ImageContentTask>
    <ImageContentTask Include="moon.png">
      <Filter>Textures</Filter>
    </ImageContentTask>
    <ImageContentTask Include="tried.png">
      <Filter>Textures</Filter>
    </ImageContentTask>
    <ImageContentTask Include="BackGroundCity.png">
      <Filter>Textures</Filter>
    </ImageContentTask>
  </ItemGroup>
  <ItemGroup>
    <ClInclude Include="resource.h" />
  </ItemGroup>
  <ItemGroup>
    <ResourceCompile Include="Assets.rc" />
  </ItemGroup>
  <ItemGroup>
    <Media Include="Jump.wav">
      <Filter>Sound</Filter>
    </Media>
    <Media Include="GameMusic.wav">
      <Filter>Sound</Filter>
    </Media>
    <Media Include="Pilons.wav" />
  </ItemGroup>
  <ItemGroup>
    <Image Include="Fireflower.png">
      <Filter>Textures</Filter>
    </Image>
  </ItemGroup>
  <ItemGroup>
    <None Include="italic.spritefont" />
    <None Include="shader.fx" />
  </ItemGroup>
  <ItemGroup>
    <Filter Include="Textures">
      <UniqueIdentifier>{6dbeba9e-1de3-4da1-a02a-fd0acaea7564}</UniqueIdentifier>
    </Filter>
    <Filter Include="Sound">
      <UniqueIdentifier>{fd04e45b-49fa-4108-ad21-2f1d3aa51cb9}</UniqueIdentifier>
    </Filter>
  </ItemGroup>
</Project>